<?xml version="1.0" encoding="utf-8"?>
<Project ToolsVersion="4.0" xmlns="http://schemas.microsoft.com/developer/msbuild/2003">
  <ItemGroup>
    <Filter Include="Panels">
      <UniqueIdentifier>{A80D95C9-94AF-BF9F-7D6A-D3F369AB46F0}</UniqueIdentifier>
    </Filter>
    <Filter Include="script">
      <UniqueIdentifier>{BA0F601B-A6B1-8AF1-8F6C-9E457BAD1142}</UniqueIdentifier>
    </Filter>
  </ItemGroup>
  <ItemGroup>
    <ClInclude Include="src\EditorLayer.h" />
    <ClInclude Include="src\Panels\SceneHierachyPanel.h">
      <Filter>Panels</Filter>
    </ClInclude>
    <ClInclude Include="src\ParticleSystem.h" />
    <ClInclude Include="src\script\CameraController.h">
      <Filter>script</Filter>
    </ClInclude>
    <ClInclude Include="src\script\SelfRotation.h">
      <Filter>script</Filter>
    </ClInclude>
  </ItemGroup>
  <ItemGroup>
    <ClCompile Include="src\EditorApp.cpp" />
    <ClCompile Include="src\EditorLayer.cpp" />
    <ClCompile Include="src\Panels\SceneHierachyPanel.cpp">
      <Filter>Panels</Filter>
    </ClCompile>
    <ClCompile Include="src\ParticleSystem.cpp" />
  </ItemGroup>
</Project>